// !$*UTF8*$!
{
	archiveVersion = 1;
	classes = {
	};
	objectVersion = 56;
	objects = {

/* Begin PBXBuildFile section */
		3A0CE54D2A85AA4200040029 /* ProfileView.swift in Sources */ = {isa = PBXBuildFile; fileRef = 3A0CE54C2A85AA4200040029 /* ProfileView.swift */; };
		3A0CE5502A85B4B300040029 /* Borel-Regular.ttf in Resources */ = {isa = PBXBuildFile; fileRef = 3A0CE54F2A85B4B300040029 /* Borel-Regular.ttf */; };
		3A0CE5532A85BA5700040029 /* ImageView.swift in Sources */ = {isa = PBXBuildFile; fileRef = 3A0CE5522A85BA5700040029 /* ImageView.swift */; };
		3A185EFE2A8ECFA3000C1B7A /* ListView.swift in Sources */ = {isa = PBXBuildFile; fileRef = 3A185EFD2A8ECFA3000C1B7A /* ListView.swift */; };
		3A185F002A8ED161000C1B7A /* Movie.swift in Sources */ = {isa = PBXBuildFile; fileRef = 3A185EFF2A8ED161000C1B7A /* Movie.swift */; };
		3A3E78AE2A8EDAA9001FF9A1 /* MovieDetailView.swift in Sources */ = {isa = PBXBuildFile; fileRef = 3A3E78AD2A8EDAA9001FF9A1 /* MovieDetailView.swift */; };
		3A59EE8D2A81AC7F00B1C8CF /* App01_MyProfileApp.swift in Sources */ = {isa = PBXBuildFile; fileRef = 3A59EE8C2A81AC7F00B1C8CF /* App01_MyProfileApp.swift */; };
		3A59EE8F2A81AC7F00B1C8CF /* ContentView.swift in Sources */ = {isa = PBXBuildFile; fileRef = 3A59EE8E2A81AC7F00B1C8CF /* ContentView.swift */; };
		3A59EE912A81AC8200B1C8CF /* Assets.xcassets in Resources */ = {isa = PBXBuildFile; fileRef = 3A59EE902A81AC8200B1C8CF /* Assets.xcassets */; };
		3A59EE942A81AC8200B1C8CF /* Preview Assets.xcassets in Resources */ = {isa = PBXBuildFile; fileRef = 3A59EE932A81AC8200B1C8CF /* Preview Assets.xcassets */; };
		3A59EE9B2A81AE2400B1C8CF /* LayoutView.swift in Sources */ = {isa = PBXBuildFile; fileRef = 3A59EE9A2A81AE2400B1C8CF /* LayoutView.swift */; };
		3AE492422A8AD9A9009EC6B9 /* DetailView.swift in Sources */ = {isa = PBXBuildFile; fileRef = 3AE492412A8AD9A9009EC6B9 /* DetailView.swift */; };
/* End PBXBuildFile section */

/* Begin PBXFileReference section */
		3A0CE54C2A85AA4200040029 /* ProfileView.swift */ = {isa = PBXFileReference; lastKnownFileType = sourcecode.swift; path = ProfileView.swift; sourceTree = "<group>"; };
		3A0CE54F2A85B4B300040029 /* Borel-Regular.ttf */ = {isa = PBXFileReference; lastKnownFileType = file; path = "Borel-Regular.ttf"; sourceTree = "<group>"; };
		3A0CE5512A85B53300040029 /* Info.plist */ = {isa = PBXFileReference; lastKnownFileType = text.plist; path = Info.plist; sourceTree = "<group>"; };
		3A0CE5522A85BA5700040029 /* ImageView.swift */ = {isa = PBXFileReference; lastKnownFileType = sourcecode.swift; path = ImageView.swift; sourceTree = "<group>"; };
		3A185EFD2A8ECFA3000C1B7A /* ListView.swift */ = {isa = PBXFileReference; lastKnownFileType = sourcecode.swift; path = ListView.swift; sourceTree = "<group>"; };
		3A185EFF2A8ED161000C1B7A /* Movie.swift */ = {isa = PBXFileReference; lastKnownFileType = sourcecode.swift; path = Movie.swift; sourceTree = "<group>"; };
		3A3E78AD2A8EDAA9001FF9A1 /* MovieDetailView.swift */ = {isa = PBXFileReference; lastKnownFileType = sourcecode.swift; path = MovieDetailView.swift; sourceTree = "<group>"; };
		3A59EE892A81AC7F00B1C8CF /* App01-MyProfile.app */ = {isa = PBXFileReference; explicitFileType = wrapper.application; includeInIndex = 0; path = "App01-MyProfile.app"; sourceTree = BUILT_PRODUCTS_DIR; };
		3A59EE8C2A81AC7F00B1C8CF /* App01_MyProfileApp.swift */ = {isa = PBXFileReference; lastKnownFileType = sourcecode.swift; path = App01_MyProfileApp.swift; sourceTree = "<group>"; };
		3A59EE8E2A81AC7F00B1C8CF /* ContentView.swift */ = {isa = PBXFileReference; lastKnownFileType = sourcecode.swift; path = ContentView.swift; sourceTree = "<group>"; };
		3A59EE902A81AC8200B1C8CF /* Assets.xcassets */ = {isa = PBXFileReference; lastKnownFileType = folder.assetcatalog; path = Assets.xcassets; sourceTree = "<group>"; };
		3A59EE932A81AC8200B1C8CF /* Preview Assets.xcassets */ = {isa = PBXFileReference; lastKnownFileType = folder.assetcatalog; path = "Preview Assets.xcassets"; sourceTree = "<group>"; };
		3A59EE9A2A81AE2400B1C8CF /* LayoutView.swift */ = {isa = PBXFileReference; lastKnownFileType = sourcecode.swift; path = LayoutView.swift; sourceTree = "<group>"; };
		3AE492412A8AD9A9009EC6B9 /* DetailView.swift */ = {isa = PBXFileReference; lastKnownFileType = sourcecode.swift; path = DetailView.swift; sourceTree = "<group>"; };
/* End PBXFileReference section */

/* Begin PBXFrameworksBuildPhase section */
		3A59EE862A81AC7F00B1C8CF /* Frameworks */ = {
			isa = PBXFrameworksBuildPhase;
			buildActionMask = 2147483647;
			files = (
			);
			runOnlyForDeploymentPostprocessing = 0;
		};
/* End PBXFrameworksBuildPhase section */

/* Begin PBXGroup section */
		3A0CE54E2A85B43800040029 /* Fonts */ = {
			isa = PBXGroup;
			children = (
				3A0CE54F2A85B4B300040029 /* Borel-Regular.ttf */,
			);
			path = Fonts;
			sourceTree = "<group>";
		};
		3A59EE802A81AC7F00B1C8CF = {
			isa = PBXGroup;
			children = (
				3A59EE8B2A81AC7F00B1C8CF /* App01-MyProfile */,
				3A59EE8A2A81AC7F00B1C8CF /* Products */,
			);
			sourceTree = "<group>";
		};
		3A59EE8A2A81AC7F00B1C8CF /* Products */ = {
			isa = PBXGroup;
			children = (
				3A59EE892A81AC7F00B1C8CF /* App01-MyProfile.app */,
			);
			name = Products;
			sourceTree = "<group>";
		};
		3A59EE8B2A81AC7F00B1C8CF /* App01-MyProfile */ = {
			isa = PBXGroup;
			children = (
				3A0CE5512A85B53300040029 /* Info.plist */,
				3A0CE54E2A85B43800040029 /* Fonts */,
				3A59EE8C2A81AC7F00B1C8CF /* App01_MyProfileApp.swift */,
				3A59EE8E2A81AC7F00B1C8CF /* ContentView.swift */,
				3A59EE9A2A81AE2400B1C8CF /* LayoutView.swift */,
				3A0CE54C2A85AA4200040029 /* ProfileView.swift */,
				3A185EFD2A8ECFA3000C1B7A /* ListView.swift */,
				3A185EFF2A8ED161000C1B7A /* Movie.swift */,
				3AE492412A8AD9A9009EC6B9 /* DetailView.swift */,
				3A0CE5522A85BA5700040029 /* ImageView.swift */,
				3A59EE902A81AC8200B1C8CF /* Assets.xcassets */,
				3A3E78AD2A8EDAA9001FF9A1 /* MovieDetailView.swift */,
				3A59EE922A81AC8200B1C8CF /* Preview Content */,
			);
			path = "App01-MyProfile";
			sourceTree = "<group>";
		};
		3A59EE922A81AC8200B1C8CF /* Preview Content */ = {
			isa = PBXGroup;
			children = (
				3A59EE932A81AC8200B1C8CF /* Preview Assets.xcassets */,
			);
			path = "Preview Content";
			sourceTree = "<group>";
		};
/* End PBXGroup section */

/* Begin PBXNativeTarget section */
		3A59EE882A81AC7F00B1C8CF /* App01-MyProfile */ = {
			isa = PBXNativeTarget;
			buildConfigurationList = 3A59EE972A81AC8200B1C8CF /* Build configuration list for PBXNativeTarget "App01-MyProfile" */;
			buildPhases = (
				3A59EE852A81AC7F00B1C8CF /* Sources */,
				3A59EE862A81AC7F00B1C8CF /* Frameworks */,
				3A59EE872A81AC7F00B1C8CF /* Resources */,
			);
			buildRules = (
			);
			dependencies = (
			);
			name = "App01-MyProfile";
			productName = "App01-MyProfile";
			productReference = 3A59EE892A81AC7F00B1C8CF /* App01-MyProfile.app */;
			productType = "com.apple.product-type.application";
		};
/* End PBXNativeTarget section */

/* Begin PBXProject section */
		3A59EE812A81AC7F00B1C8CF /* Project object */ = {
			isa = PBXProject;
			attributes = {
				BuildIndependentTargetsInParallel = 1;
				LastSwiftUpdateCheck = 1500;
				LastUpgradeCheck = 1500;
				TargetAttributes = {
					3A59EE882A81AC7F00B1C8CF = {
						CreatedOnToolsVersion = 15.0;
					};
				};
			};
			buildConfigurationList = 3A59EE842A81AC7F00B1C8CF /* Build configuration list for PBXProject "App01-MyProfile" */;
			compatibilityVersion = "Xcode 14.0";
			developmentRegion = en;
			hasScannedForEncodings = 0;
			knownRegions = (
				en,
				Base,
			);
			mainGroup = 3A59EE802A81AC7F00B1C8CF;
			productRefGroup = 3A59EE8A2A81AC7F00B1C8CF /* Products */;
			projectDirPath = "";
			projectRoot = "";
			targets = (
				3A59EE882A81AC7F00B1C8CF /* App01-MyProfile */,
			);
		};
/* End PBXProject section */

/* Begin PBXResourcesBuildPhase section */
		3A59EE872A81AC7F00B1C8CF /* Resources */ = {
			isa = PBXResourcesBuildPhase;
			buildActionMask = 2147483647;
			files = (
				3A0CE5502A85B4B300040029 /* Borel-Regular.ttf in Resources */,
				3A59EE942A81AC8200B1C8CF /* Preview Assets.xcassets in Resources */,
				3A59EE912A81AC8200B1C8CF /* Assets.xcassets in Resources */,
			);
			runOnlyForDeploymentPostprocessing = 0;
		};
/* End PBXResourcesBuildPhase section */

/* Begin PBXSourcesBuildPhase section */
		3A59EE852A81AC7F00B1C8CF /* Sources */ = {
			isa = PBXSourcesBuildPhase;
			buildActionMask = 2147483647;
			files = (
				3A0CE5532A85BA5700040029 /* ImageView.swift in Sources */,
				3AE492422A8AD9A9009EC6B9 /* DetailView.swift in Sources */,
				3A0CE54D2A85AA4200040029 /* ProfileView.swift in Sources */,
				3A3E78AE2A8EDAA9001FF9A1 /* MovieDetailView.swift in Sources */,
				3A185EFE2A8ECFA3000C1B7A /* ListView.swift in Sources */,
				3A59EE8F2A81AC7F00B1C8CF /* ContentView.swift in Sources */,
				3A59EE8D2A81AC7F00B1C8CF /* App01_MyProfileApp.swift in Sources */,
				3A185F002A8ED161000C1B7A /* Movie.swift in Sources */,
				3A59EE9B2A81AE2400B1C8CF /* LayoutView.swift in Sources */,
			);
			runOnlyForDeploymentPostprocessing = 0;
		};
/* End PBXSourcesBuildPhase section */

/* Begin XCBuildConfiguration section */
		3A59EE952A81AC8200B1C8CF /* Debug */ = {
			isa = XCBuildConfiguration;
			buildSettings = {
				ALWAYS_SEARCH_USER_PATHS = NO;
				ASSETCATALOG_COMPILER_GENERATE_SWIFT_ASSET_SYMBOL_EXTENSIONS = YES;
				CLANG_ANALYZER_NONNULL = YES;
				CLANG_ANALYZER_NUMBER_OBJECT_CONVERSION = YES_AGGRESSIVE;
				CLANG_CXX_LANGUAGE_STANDARD = "gnu++20";
				CLANG_ENABLE_MODULES = YES;
				CLANG_ENABLE_OBJC_ARC = YES;
				CLANG_ENABLE_OBJC_WEAK = YES;
				CLANG_WARN_BLOCK_CAPTURE_AUTORELEASING = YES;
				CLANG_WARN_BOOL_CONVERSION = YES;
				CLANG_WARN_COMMA = YES;
				CLANG_WARN_CONSTANT_CONVERSION = YES;
				CLANG_WARN_DEPRECATED_OBJC_IMPLEMENTATIONS = YES;
				CLANG_WARN_DIRECT_OBJC_ISA_USAGE = YES_ERROR;
				CLANG_WARN_DOCUMENTATION_COMMENTS = YES;
				CLANG_WARN_EMPTY_BODY = YES;
				CLANG_WARN_ENUM_CONVERSION = YES;
				CLANG_WARN_INFINITE_RECURSION = YES;
				CLANG_WARN_INT_CONVERSION = YES;
				CLANG_WARN_NON_LITERAL_NULL_CONVERSION = YES;
				CLANG_WARN_OBJC_IMPLICIT_RETAIN_SELF = YES;
				CLANG_WARN_OBJC_LITERAL_CONVERSION = YES;
				CLANG_WARN_OBJC_ROOT_CLASS = YES_ERROR;
				CLANG_WARN_QUOTED_INCLUDE_IN_FRAMEWORK_HEADER = YES;
				CLANG_WARN_RANGE_LOOP_ANALYSIS = YES;
				CLANG_WARN_STRICT_PROTOTYPES = YES;
				CLANG_WARN_SUSPICIOUS_MOVE = YES;
				CLANG_WARN_UNGUARDED_AVAILABILITY = YES_AGGRESSIVE;
				CLANG_WARN_UNREACHABLE_CODE = YES;
				CLANG_WARN__DUPLICATE_METHOD_MATCH = YES;
				COPY_PHASE_STRIP = NO;
				DEBUG_INFORMATION_FORMAT = dwarf;
				ENABLE_STRICT_OBJC_MSGSEND = YES;
				ENABLE_TESTABILITY = YES;
				ENABLE_USER_SCRIPT_SANDBOXING = YES;
				GCC_C_LANGUAGE_STANDARD = gnu17;
				GCC_DYNAMIC_NO_PIC = NO;
				GCC_NO_COMMON_BLOCKS = YES;
				GCC_OPTIMIZATION_LEVEL = 0;
				GCC_PREPROCESSOR_DEFINITIONS = (
					"DEBUG=1",
					"$(inherited)",
				);
				GCC_WARN_64_TO_32_BIT_CONVERSION = YES;
				GCC_WARN_ABOUT_RETURN_TYPE = YES_ERROR;
				GCC_WARN_UNDECLARED_SELECTOR = YES;
				GCC_WARN_UNINITIALIZED_AUTOS = YES_AGGRESSIVE;
				GCC_WARN_UNUSED_FUNCTION = YES;
				GCC_WARN_UNUSED_VARIABLE = YES;
				IPHONEOS_DEPLOYMENT_TARGET = 17.0;
				LOCALIZATION_PREFERS_STRING_CATALOGS = YES;
				MTL_ENABLE_DEBUG_INFO = INCLUDE_SOURCE;
				MTL_FAST_MATH = YES;
				ONLY_ACTIVE_ARCH = YES;
				SDKROOT = iphoneos;
				SWIFT_ACTIVE_COMPILATION_CONDITIONS = "DEBUG $(inherited)";
				SWIFT_OPTIMIZATION_LEVEL = "-Onone";
			};
			name = Debug;
		};
		3A59EE962A81AC8200B1C8CF /* Release */ = {
			isa = XCBuildConfiguration;
			buildSettings = {
				ALWAYS_SEARCH_USER_PATHS = NO;
				ASSETCATALOG_COMPILER_GENERATE_SWIFT_ASSET_SYMBOL_EXTENSIONS = YES;
				CLANG_ANALYZER_NONNULL = YES;
				CLANG_ANALYZER_NUMBER_OBJECT_CONVERSION = YES_AGGRESSIVE;
				CLANG_CXX_LANGUAGE_STANDARD = "gnu++20";
				CLANG_ENABLE_MODULES = YES;
				CLANG_ENABLE_OBJC_ARC = YES;
				CLANG_ENABLE_OBJC_WEAK = YES;
				CLANG_WARN_BLOCK_CAPTURE_AUTORELEASING = YES;
				CLANG_WARN_BOOL_CONVERSION = YES;
				CLANG_WARN_COMMA = YES;
				CLANG_WARN_CONSTANT_CONVERSION = YES;
				CLANG_WARN_DEPRECATED_OBJC_IMPLEMENTATIONS = YES;
				CLANG_WARN_DIRECT_OBJC_ISA_USAGE = YES_ERROR;
				CLANG_WARN_DOCUMENTATION_COMMENTS = YES;
				CLANG_WARN_EMPTY_BODY = YES;
				CLANG_WARN_ENUM_CONVERSION = YES;
				CLANG_WARN_INFINITE_RECURSION = YES;
				CLANG_WARN_INT_CONVERSION = YES;
				CLANG_WARN_NON_LITERAL_NULL_CONVERSION = YES;
				CLANG_WARN_OBJC_IMPLICIT_RETAIN_SELF = YES;
				CLANG_WARN_OBJC_LITERAL_CONVERSION = YES;
				CLANG_WARN_OBJC_ROOT_CLASS = YES_ERROR;
				CLANG_WARN_QUOTED_INCLUDE_IN_FRAMEWORK_HEADER = YES;
				CLANG_WARN_RANGE_LOOP_ANALYSIS = YES;
				CLANG_WARN_STRICT_PROTOTYPES = YES;
				CLANG_WARN_SUSPICIOUS_MOVE = YES;
				CLANG_WARN_UNGUARDED_AVAILABILITY = YES_AGGRESSIVE;
				CLANG_WARN_UNREACHABLE_CODE = YES;
				CLANG_WARN__DUPLICATE_METHOD_MATCH = YES;
				COPY_PHASE_STRIP = NO;
				DEBUG_INFORMATION_FORMAT = "dwarf-with-dsym";
				ENABLE_NS_ASSERTIONS = NO;
				ENABLE_STRICT_OBJC_MSGSEND = YES;
				ENABLE_USER_SCRIPT_SANDBOXING = YES;
				GCC_C_LANGUAGE_STANDARD = gnu17;
				GCC_NO_COMMON_BLOCKS = YES;
				GCC_WARN_64_TO_32_BIT_CONVERSION = YES;
				GCC_WARN_ABOUT_RETURN_TYPE = YES_ERROR;
				GCC_WARN_UNDECLARED_SELECTOR = YES;
				GCC_WARN_UNINITIALIZED_AUTOS = YES_AGGRESSIVE;
				GCC_WARN_UNUSED_FUNCTION = YES;
				GCC_WARN_UNUSED_VARIABLE = YES;
				IPHONEOS_DEPLOYMENT_TARGET = 17.0;
				LOCALIZATION_PREFERS_STRING_CATALOGS = YES;
				MTL_ENABLE_DEBUG_INFO = NO;
				MTL_FAST_MATH = YES;
				SDKROOT = iphoneos;
				SWIFT_COMPILATION_MODE = wholemodule;
				VALIDATE_PRODUCT = YES;
			};
			name = Release;
		};
		3A59EE982A81AC8200B1C8CF /* Debug */ = {
			isa = XCBuildConfiguration;
			buildSettings = {
				ASSETCATALOG_COMPILER_APPICON_NAME = AppIcon;
				ASSETCATALOG_COMPILER_GLOBAL_ACCENT_COLOR_NAME = AccentColor;
				CODE_SIGN_STYLE = Automatic;
				CURRENT_PROJECT_VERSION = 1;
				DEVELOPMENT_ASSET_PATHS = "\"App01-MyProfile/Preview Content\"";
				DEVELOPMENT_TEAM = J97L2A8AMM;
				ENABLE_PREVIEWS = YES;
				GENERATE_INFOPLIST_FILE = YES;
				INFOPLIST_FILE = "App01-MyProfile/Info.plist";
				INFOPLIST_KEY_UIApplicationSceneManifest_Generation = YES;
				INFOPLIST_KEY_UIApplicationSupportsIndirectInputEvents = YES;
				INFOPLIST_KEY_UILaunchScreen_Generation = YES;
				INFOPLIST_KEY_UISupportedInterfaceOrientations_iPad = "UIInterfaceOrientationPortrait UIInterfaceOrientationPortraitUpsideDown UIInterfaceOrientationLandscapeLeft UIInterfaceOrientationLandscapeRight";
				INFOPLIST_KEY_UISupportedInterfaceOrientations_iPhone = "UIInterfaceOrientationPortrait UIInterfaceOrientationLandscapeLeft UIInterfaceOrientationLandscapeRight";
				LD_RUNPATH_SEARCH_PATHS = (
					"$(inherited)",
					"@executable_path/Frameworks",
				);
				MARKETING_VERSION = 1.0;
				PRODUCT_BUNDLE_IDENTIFIER = "Bugsracer.App01-MyProfile";
				PRODUCT_NAME = "$(TARGET_NAME)";
				SWIFT_EMIT_LOC_STRINGS = YES;
				SWIFT_VERSION = 5.0;
				TARGETED_DEVICE_FAMILY = "1,2";
			};
			name = Debug;
		};
		3A59EE992A81AC8200B1C8CF /* Release */ = {
			isa = XCBuildConfiguration;
			buildSettings = {
				ASSETCATALOG_COMPILER_APPICON_NAME = AppIcon;
				ASSETCATALOG_COMPILER_GLOBAL_ACCENT_COLOR_NAME = AccentColor;
				CODE_SIGN_STYLE = Automatic;
				CURRENT_PROJECT_VERSION = 1;
				DEVELOPMENT_ASSET_PATHS = "\"App01-MyProfile/Preview Content\"";
				DEVELOPMENT_TEAM = J97L2A8AMM;
				ENABLE_PREVIEWS = YES;
				GENERATE_INFOPLIST_FILE = YES;
				INFOPLIST_FILE = "App01-MyProfile/Info.plist";
				INFOPLIST_KEY_UIApplicationSceneManifest_Generation = YES;
				INFOPLIST_KEY_UIApplicationSupportsIndirectInputEvents = YES;
				INFOPLIST_KEY_UILaunchScreen_Generation = YES;
				INFOPLIST_KEY_UISupportedInterfaceOrientations_iPad = "UIInterfaceOrientationPortrait UIInterfaceOrientationPortraitUpsideDown UIInterfaceOrientationLandscapeLeft UIInterfaceOrientationLandscapeRight";
				INFOPLIST_KEY_UISupportedInterfaceOrientations_iPhone = "UIInterfaceOrientationPortrait UIInterfaceOrientationLandscapeLeft UIInterfaceOrientationLandscapeRight";
				LD_RUNPATH_SEARCH_PATHS = (
					"$(inherited)",
					"@executable_path/Frameworks",
				);
				MARKETING_VERSION = 1.0;
				PRODUCT_BUNDLE_IDENTIFIER = "Bugsracer.App01-MyProfile";
				PRODUCT_NAME = "$(TARGET_NAME)";
				SWIFT_EMIT_LOC_STRINGS = YES;
				SWIFT_VERSION = 5.0;
				TARGETED_DEVICE_FAMILY = "1,2";
			};
			name = Release;
		};
/* End XCBuildConfiguration section */

/* Begin XCConfigurationList section */
		3A59EE842A81AC7F00B1C8CF /* Build configuration list for PBXProject "App01-MyProfile" */ = {
			isa = XCConfigurationList;
			buildConfigurations = (
				3A59EE952A81AC8200B1C8CF /* Debug */,
				3A59EE962A81AC8200B1C8CF /* Release */,
			);
			defaultConfigurationIsVisible = 0;
			defaultConfigurationName = Release;
		};
		3A59EE972A81AC8200B1C8CF /* Build configuration list for PBXNativeTarget "App01-MyProfile" */ = {
			isa = XCConfigurationList;
			buildConfigurations = (
				3A59EE982A81AC8200B1C8CF /* Debug */,
				3A59EE992A81AC8200B1C8CF /* Release */,
			);
			defaultConfigurationIsVisible = 0;
			defaultConfigurationName = Release;
		};
/* End XCConfigurationList section */
	};
	rootObject = 3A59EE812A81AC7F00B1C8CF /* Project object */;
}
